
Microsoft Visual Studio Solution File, Format Version 12.00
# Visual Studio Version 17
VisualStudioVersion = 17.14.36414.22 d17.14
MinimumVisualStudioVersion = 10.0.40219.1
Project("{FAE04EC0-301F-11D3-BF4B-00C04F79EFBC}") = "winwallhaven", "winwallhaven\winwallhaven.csproj", "{2AD7F554-4889-44C9-B5CF-0A2701BFFFDD}"
EndProject
Project("{FAE04EC0-301F-11D3-BF4B-00C04F79EFBC}") = "winwallhaven.Core", "winwallhaven.Core\winwallhaven.Core.csproj", "{3E2B2D79-3F0B-4D3E-8F3E-7A3E8D2E67B2}"
EndProject
Global
	GlobalSection(SolutionConfigurationPlatforms) = preSolution
		Debug|ARM64 = Debug|ARM64
		Debug|x64 = Debug|x64
		Debug|x86 = Debug|x86
		Release|ARM64 = Release|ARM64
		Release|x64 = Release|x64
		Release|x86 = Release|x86
	EndGlobalSection
	GlobalSection(ProjectConfigurationPlatforms) = postSolution
		{2AD7F554-4889-44C9-B5CF-0A2701BFFFDD}.Debug|ARM64.ActiveCfg = Debug|ARM64
		{2AD7F554-4889-44C9-B5CF-0A2701BFFFDD}.Debug|ARM64.Build.0 = Debug|ARM64
		{2AD7F554-4889-44C9-B5CF-0A2701BFFFDD}.Debug|ARM64.Deploy.0 = Debug|ARM64
		{2AD7F554-4889-44C9-B5CF-0A2701BFFFDD}.Debug|x64.ActiveCfg = Debug|x64
		{2AD7F554-4889-44C9-B5CF-0A2701BFFFDD}.Debug|x64.Build.0 = Debug|x64
		{2AD7F554-4889-44C9-B5CF-0A2701BFFFDD}.Debug|x64.Deploy.0 = Debug|x64
		{2AD7F554-4889-44C9-B5CF-0A2701BFFFDD}.Debug|x86.ActiveCfg = Debug|x86
		{2AD7F554-4889-44C9-B5CF-0A2701BFFFDD}.Debug|x86.Build.0 = Debug|x86
		{2AD7F554-4889-44C9-B5CF-0A2701BFFFDD}.Debug|x86.Deploy.0 = Debug|x86
		{2AD7F554-4889-44C9-B5CF-0A2701BFFFDD}.Release|ARM64.ActiveCfg = Release|ARM64
		{2AD7F554-4889-44C9-B5CF-0A2701BFFFDD}.Release|ARM64.Build.0 = Release|ARM64
		{2AD7F554-4889-44C9-B5CF-0A2701BFFFDD}.Release|ARM64.Deploy.0 = Release|ARM64
		{2AD7F554-4889-44C9-B5CF-0A2701BFFFDD}.Release|x64.ActiveCfg = Release|x64
		{2AD7F554-4889-44C9-B5CF-0A2701BFFFDD}.Release|x64.Build.0 = Release|x64
		{2AD7F554-4889-44C9-B5CF-0A2701BFFFDD}.Release|x64.Deploy.0 = Release|x64
		{2AD7F554-4889-44C9-B5CF-0A2701BFFFDD}.Release|x86.ActiveCfg = Release|x86
		{2AD7F554-4889-44C9-B5CF-0A2701BFFFDD}.Release|x86.Build.0 = Release|x86
		{2AD7F554-4889-44C9-B5CF-0A2701BFFFDD}.Release|x86.Deploy.0 = Release|x86
		{3E2B2D79-3F0B-4D3E-8F3E-7A3E8D2E67B2}.Debug|ARM64.ActiveCfg = Debug|Any CPU
		{3E2B2D79-3F0B-4D3E-8F3E-7A3E8D2E67B2}.Debug|ARM64.Build.0 = Debug|Any CPU
		{3E2B2D79-3F0B-4D3E-8F3E-7A3E8D2E67B2}.Debug|x64.ActiveCfg = Debug|Any CPU
		{3E2B2D79-3F0B-4D3E-8F3E-7A3E8D2E67B2}.Debug|x64.Build.0 = Debug|Any CPU
		{3E2B2D79-3F0B-4D3E-8F3E-7A3E8D2E67B2}.Debug|x86.ActiveCfg = Debug|Any CPU
		{3E2B2D79-3F0B-4D3E-8F3E-7A3E8D2E67B2}.Debug|x86.Build.0 = Debug|Any CPU
		{3E2B2D79-3F0B-4D3E-8F3E-7A3E8D2E67B2}.Release|ARM64.ActiveCfg = Release|Any CPU
		{3E2B2D79-3F0B-4D3E-8F3E-7A3E8D2E67B2}.Release|ARM64.Build.0 = Release|Any CPU
		{3E2B2D79-3F0B-4D3E-8F3E-7A3E8D2E67B2}.Release|x64.ActiveCfg = Release|Any CPU
		{3E2B2D79-3F0B-4D3E-8F3E-7A3E8D2E67B2}.Release|x64.Build.0 = Release|Any CPU
		{3E2B2D79-3F0B-4D3E-8F3E-7A3E8D2E67B2}.Release|x86.ActiveCfg = Release|Any CPU
		{3E2B2D79-3F0B-4D3E-8F3E-7A3E8D2E67B2}.Release|x86.Build.0 = Release|Any CPU
	EndGlobalSection
	GlobalSection(SolutionProperties) = preSolution
		HideSolutionNode = FALSE
	EndGlobalSection
	GlobalSection(ExtensibilityGlobals) = postSolution
		SolutionGuid = {09B4A778-4897-4CF1-8619-C0D51FC38FF7}
	EndGlobalSection
EndGlobal
